// !$*UTF8*$!
{
	archiveVersion = 1;
	classes = {
	};
	objectVersion = 51;
	objects = {

/* Begin PBXBuildFile section */
		DA561F0F2647010C004E8D61 /* AppDelegate.swift in Sources */ = {isa = PBXBuildFile; fileRef = DA561F0E2647010C004E8D61 /* AppDelegate.swift */; };
		DA561F112647010C004E8D61 /* SceneDelegate.swift in Sources */ = {isa = PBXBuildFile; fileRef = DA561F102647010C004E8D61 /* SceneDelegate.swift */; };
		DA561F132647010C004E8D61 /* WelcomeViewController.swift in Sources */ = {isa = PBXBuildFile; fileRef = DA561F122647010C004E8D61 /* WelcomeViewController.swift */; };
		DA561F162647010C004E8D61 /* Main.storyboard in Resources */ = {isa = PBXBuildFile; fileRef = DA561F142647010C004E8D61 /* Main.storyboard */; };
		DA561F192647010C004E8D61 /* BitCheckerChat.xcdatamodeld in Sources */ = {isa = PBXBuildFile; fileRef = DA561F172647010C004E8D61 /* BitCheckerChat.xcdatamodeld */; };
		DA561F1B2647010C004E8D61 /* Assets.xcassets in Resources */ = {isa = PBXBuildFile; fileRef = DA561F1A2647010C004E8D61 /* Assets.xcassets */; };
		DA561F1E2647010C004E8D61 /* LaunchScreen.storyboard in Resources */ = {isa = PBXBuildFile; fileRef = DA561F1C2647010C004E8D61 /* LaunchScreen.storyboard */; };
		DA561F2C2647032B004E8D61 /* LoginViewController.swift in Sources */ = {isa = PBXBuildFile; fileRef = DA561F2B2647032B004E8D61 /* LoginViewController.swift */; };
		DA561F2F264703C2004E8D61 /* RegisterViewController.swift in Sources */ = {isa = PBXBuildFile; fileRef = DA561F2E264703C2004E8D61 /* RegisterViewController.swift */; };
		DA561F32264703E2004E8D61 /* BitChatViewController.swift in Sources */ = {isa = PBXBuildFile; fileRef = DA561F31264703E2004E8D61 /* BitChatViewController.swift */; };
		DA651F652649A3BE00A73B49 /* Constans.swift in Sources */ = {isa = PBXBuildFile; fileRef = DA651F642649A3BE00A73B49 /* Constans.swift */; };
		DA7064FB2649A8780092C9BF /* GoogleService-Info.plist in Resources */ = {isa = PBXBuildFile; fileRef = DA7064FA2649A8780092C9BF /* GoogleService-Info.plist */; };
		F652FB9B249A721981A2202F /* Pods_BitCheckerChat.framework in Frameworks */ = {isa = PBXBuildFile; fileRef = 296C152F7CAF32B7A01304BD /* Pods_BitCheckerChat.framework */; };
/* End PBXBuildFile section */

/* Begin PBXFileReference section */
		278B662CC29D31E2B8784218 /* Pods-BitCheckerChat.debug.xcconfig */ = {isa = PBXFileReference; includeInIndex = 1; lastKnownFileType = text.xcconfig; name = "Pods-BitCheckerChat.debug.xcconfig"; path = "Target Support Files/Pods-BitCheckerChat/Pods-BitCheckerChat.debug.xcconfig"; sourceTree = "<group>"; };
		296C152F7CAF32B7A01304BD /* Pods_BitCheckerChat.framework */ = {isa = PBXFileReference; explicitFileType = wrapper.framework; includeInIndex = 0; path = Pods_BitCheckerChat.framework; sourceTree = BUILT_PRODUCTS_DIR; };
		6C68426973599F087B7AC13F /* Pods-BitCheckerChat.release.xcconfig */ = {isa = PBXFileReference; includeInIndex = 1; lastKnownFileType = text.xcconfig; name = "Pods-BitCheckerChat.release.xcconfig"; path = "Target Support Files/Pods-BitCheckerChat/Pods-BitCheckerChat.release.xcconfig"; sourceTree = "<group>"; };
		DA561F0B2647010C004E8D61 /* BitCheckerChat.app */ = {isa = PBXFileReference; explicitFileType = wrapper.application; includeInIndex = 0; path = BitCheckerChat.app; sourceTree = BUILT_PRODUCTS_DIR; };
		DA561F0E2647010C004E8D61 /* AppDelegate.swift */ = {isa = PBXFileReference; lastKnownFileType = sourcecode.swift; path = AppDelegate.swift; sourceTree = "<group>"; };
		DA561F102647010C004E8D61 /* SceneDelegate.swift */ = {isa = PBXFileReference; lastKnownFileType = sourcecode.swift; path = SceneDelegate.swift; sourceTree = "<group>"; };
		DA561F122647010C004E8D61 /* WelcomeViewController.swift */ = {isa = PBXFileReference; lastKnownFileType = sourcecode.swift; path = WelcomeViewController.swift; sourceTree = "<group>"; };
		DA561F152647010C004E8D61 /* Base */ = {isa = PBXFileReference; lastKnownFileType = file.storyboard; name = Base; path = Base.lproj/Main.storyboard; sourceTree = "<group>"; };
		DA561F182647010C004E8D61 /* BitCheckerChat.xcdatamodel */ = {isa = PBXFileReference; lastKnownFileType = wrapper.xcdatamodel; path = BitCheckerChat.xcdatamodel; sourceTree = "<group>"; };
		DA561F1A2647010C004E8D61 /* Assets.xcassets */ = {isa = PBXFileReference; lastKnownFileType = folder.assetcatalog; path = Assets.xcassets; sourceTree = "<group>"; };
		DA561F1D2647010C004E8D61 /* Base */ = {isa = PBXFileReference; lastKnownFileType = file.storyboard; name = Base; path = Base.lproj/LaunchScreen.storyboard; sourceTree = "<group>"; };
		DA561F1F2647010D004E8D61 /* Info.plist */ = {isa = PBXFileReference; lastKnownFileType = text.plist.xml; path = Info.plist; sourceTree = "<group>"; };
		DA561F2B2647032B004E8D61 /* LoginViewController.swift */ = {isa = PBXFileReference; lastKnownFileType = sourcecode.swift; path = LoginViewController.swift; sourceTree = "<group>"; };
		DA561F2E264703C2004E8D61 /* RegisterViewController.swift */ = {isa = PBXFileReference; lastKnownFileType = sourcecode.swift; path = RegisterViewController.swift; sourceTree = "<group>"; };
		DA561F31264703E2004E8D61 /* BitChatViewController.swift */ = {isa = PBXFileReference; lastKnownFileType = sourcecode.swift; path = BitChatViewController.swift; sourceTree = "<group>"; };
		DA651F642649A3BE00A73B49 /* Constans.swift */ = {isa = PBXFileReference; lastKnownFileType = sourcecode.swift; path = Constans.swift; sourceTree = "<group>"; };
		DA7064FA2649A8780092C9BF /* GoogleService-Info.plist */ = {isa = PBXFileReference; fileEncoding = 4; lastKnownFileType = text.plist.xml; path = "GoogleService-Info.plist"; sourceTree = "<group>"; };
/* End PBXFileReference section */

/* Begin PBXFrameworksBuildPhase section */
		DA561F082647010C004E8D61 /* Frameworks */ = {
			isa = PBXFrameworksBuildPhase;
			buildActionMask = 2147483647;
			files = (
				F652FB9B249A721981A2202F /* Pods_BitCheckerChat.framework in Frameworks */,
			);
			runOnlyForDeploymentPostprocessing = 0;
		};
/* End PBXFrameworksBuildPhase section */

/* Begin PBXGroup section */
		4098BF6265BA0FD8F98F25FA /* Frameworks */ = {
			isa = PBXGroup;
			children = (
				296C152F7CAF32B7A01304BD /* Pods_BitCheckerChat.framework */,
			);
			name = Frameworks;
			sourceTree = "<group>";
		};
		7A89D9D16D79EAE4749D0594 /* Pods */ = {
			isa = PBXGroup;
			children = (
				278B662CC29D31E2B8784218 /* Pods-BitCheckerChat.debug.xcconfig */,
				6C68426973599F087B7AC13F /* Pods-BitCheckerChat.release.xcconfig */,
			);
			path = Pods;
			sourceTree = "<group>";
		};
		DA561F022647010C004E8D61 = {
			isa = PBXGroup;
			children = (
				DA561F0D2647010C004E8D61 /* BitCheckerChat */,
				DA651F632649A39B00A73B49 /* Names */,
				DA561F0C2647010C004E8D61 /* Products */,
				7A89D9D16D79EAE4749D0594 /* Pods */,
				4098BF6265BA0FD8F98F25FA /* Frameworks */,
			);
			sourceTree = "<group>";
		};
		DA561F0C2647010C004E8D61 /* Products */ = {
			isa = PBXGroup;
			children = (
				DA561F0B2647010C004E8D61 /* BitCheckerChat.app */,
			);
			name = Products;
			sourceTree = "<group>";
		};
		DA561F0D2647010C004E8D61 /* BitCheckerChat */ = {
			isa = PBXGroup;
			children = (
				DA561F0E2647010C004E8D61 /* AppDelegate.swift */,
				DA561F102647010C004E8D61 /* SceneDelegate.swift */,
				DA561F2626470271004E8D61 /* Model */,
				DA561F2726470278004E8D61 /* View */,
				DA561F2826470284004E8D61 /* Controllers */,
				DA561F1A2647010C004E8D61 /* Assets.xcassets */,
				DA561F1C2647010C004E8D61 /* LaunchScreen.storyboard */,
				DA561F1F2647010D004E8D61 /* Info.plist */,
				DA561F172647010C004E8D61 /* BitCheckerChat.xcdatamodeld */,
				DA7064FA2649A8780092C9BF /* GoogleService-Info.plist */,
			);
			path = BitCheckerChat;
			sourceTree = "<group>";
		};
		DA561F2626470271004E8D61 /* Model */ = {
			isa = PBXGroup;
			children = (
			);
			path = Model;
			sourceTree = "<group>";
		};
		DA561F2726470278004E8D61 /* View */ = {
			isa = PBXGroup;
			children = (
				DA561F142647010C004E8D61 /* Main.storyboard */,
			);
			path = View;
			sourceTree = "<group>";
		};
		DA561F2826470284004E8D61 /* Controllers */ = {
			isa = PBXGroup;
			children = (
				DA561F122647010C004E8D61 /* WelcomeViewController.swift */,
				DA561F2B2647032B004E8D61 /* LoginViewController.swift */,
				DA561F2E264703C2004E8D61 /* RegisterViewController.swift */,
				DA561F31264703E2004E8D61 /* BitChatViewController.swift */,
			);
			path = Controllers;
			sourceTree = "<group>";
		};
		DA651F632649A39B00A73B49 /* Names */ = {
			isa = PBXGroup;
			children = (
				DA651F642649A3BE00A73B49 /* Constans.swift */,
			);
			path = Names;
			sourceTree = "<group>";
		};
/* End PBXGroup section */

/* Begin PBXNativeTarget section */
		DA561F0A2647010C004E8D61 /* BitCheckerChat */ = {
			isa = PBXNativeTarget;
			buildConfigurationList = DA561F222647010D004E8D61 /* Build configuration list for PBXNativeTarget "BitCheckerChat" */;
			buildPhases = (
				A46EC39491D5CB87B6C1DAFB /* [CP] Check Pods Manifest.lock */,
				DA561F072647010C004E8D61 /* Sources */,
				DA561F082647010C004E8D61 /* Frameworks */,
				DA561F092647010C004E8D61 /* Resources */,
				0E0A620CEC545177DA153C43 /* [CP] Embed Pods Frameworks */,
			);
			buildRules = (
			);
			dependencies = (
			);
			name = BitCheckerChat;
			productName = BitCheckerChat;
			productReference = DA561F0B2647010C004E8D61 /* BitCheckerChat.app */;
			productType = "com.apple.product-type.application";
		};
/* End PBXNativeTarget section */

/* Begin PBXProject section */
		DA561F032647010C004E8D61 /* Project object */ = {
			isa = PBXProject;
			attributes = {
				LastSwiftUpdateCheck = 1210;
				LastUpgradeCheck = 1210;
				TargetAttributes = {
					DA561F0A2647010C004E8D61 = {
						CreatedOnToolsVersion = 12.1;
					};
				};
			};
			buildConfigurationList = DA561F062647010C004E8D61 /* Build configuration list for PBXProject "BitCheckerChat" */;
			compatibilityVersion = "Xcode 9.3";
			developmentRegion = en;
			hasScannedForEncodings = 0;
			knownRegions = (
				en,
				Base,
			);
			mainGroup = DA561F022647010C004E8D61;
			productRefGroup = DA561F0C2647010C004E8D61 /* Products */;
			projectDirPath = "";
			projectRoot = "";
			targets = (
				DA561F0A2647010C004E8D61 /* BitCheckerChat */,
			);
		};
/* End PBXProject section */

/* Begin PBXResourcesBuildPhase section */
		DA561F092647010C004E8D61 /* Resources */ = {
			isa = PBXResourcesBuildPhase;
			buildActionMask = 2147483647;
			files = (
				DA561F1E2647010C004E8D61 /* LaunchScreen.storyboard in Resources */,
				DA7064FB2649A8780092C9BF /* GoogleService-Info.plist in Resources */,
				DA561F1B2647010C004E8D61 /* Assets.xcassets in Resources */,
				DA561F162647010C004E8D61 /* Main.storyboard in Resources */,
			);
			runOnlyForDeploymentPostprocessing = 0;
		};
/* End PBXResourcesBuildPhase section */

/* Begin PBXShellScriptBuildPhase section */
		0E0A620CEC545177DA153C43 /* [CP] Embed Pods Frameworks */ = {
			isa = PBXShellScriptBuildPhase;
			buildActionMask = 2147483647;
			files = (
			);
			inputFileListPaths = (
				"${PODS_ROOT}/Target Support Files/Pods-BitCheckerChat/Pods-BitCheckerChat-frameworks-${CONFIGURATION}-input-files.xcfilelist",
			);
			name = "[CP] Embed Pods Frameworks";
			outputFileListPaths = (
				"${PODS_ROOT}/Target Support Files/Pods-BitCheckerChat/Pods-BitCheckerChat-frameworks-${CONFIGURATION}-output-files.xcfilelist",
			);
			runOnlyForDeploymentPostprocessing = 0;
			shellPath = /bin/sh;
			shellScript = "\"${PODS_ROOT}/Target Support Files/Pods-BitCheckerChat/Pods-BitCheckerChat-frameworks.sh\"\n";
			showEnvVarsInLog = 0;
		};
		A46EC39491D5CB87B6C1DAFB /* [CP] Check Pods Manifest.lock */ = {
			isa = PBXShellScriptBuildPhase;
			buildActionMask = 2147483647;
			files = (
			);
			inputFileListPaths = (
			);
			inputPaths = (
				"${PODS_PODFILE_DIR_PATH}/Podfile.lock",
				"${PODS_ROOT}/Manifest.lock",
			);
			name = "[CP] Check Pods Manifest.lock";
			outputFileListPaths = (
			);
			outputPaths = (
				"$(DERIVED_FILE_DIR)/Pods-BitCheckerChat-checkManifestLockResult.txt",
			);
			runOnlyForDeploymentPostprocessing = 0;
			shellPath = /bin/sh;
			shellScript = "diff \"${PODS_PODFILE_DIR_PATH}/Podfile.lock\" \"${PODS_ROOT}/Manifest.lock\" > /dev/null\nif [ $? != 0 ] ; then\n    # print error to STDERR\n    echo \"error: The sandbox is not in sync with the Podfile.lock. Run 'pod install' or update your CocoaPods installation.\" >&2\n    exit 1\nfi\n# This output is used by Xcode 'outputs' to avoid re-running this script phase.\necho \"SUCCESS\" > \"${SCRIPT_OUTPUT_FILE_0}\"\n";
			showEnvVarsInLog = 0;
		};
/* End PBXShellScriptBuildPhase section */

/* Begin PBXSourcesBuildPhase section */
		DA561F072647010C004E8D61 /* Sources */ = {
			isa = PBXSourcesBuildPhase;
			buildActionMask = 2147483647;
			files = (
				DA561F132647010C004E8D61 /* WelcomeViewController.swift in Sources */,
				DA561F0F2647010C004E8D61 /* AppDelegate.swift in Sources */,
				DA651F652649A3BE00A73B49 /* Constans.swift in Sources */,
				DA561F112647010C004E8D61 /* SceneDelegate.swift in Sources */,
				DA561F2F264703C2004E8D61 /* RegisterViewController.swift in Sources */,
				DA561F2C2647032B004E8D61 /* LoginViewController.swift in Sources */,
				DA561F32264703E2004E8D61 /* BitChatViewController.swift in Sources */,
				DA561F192647010C004E8D61 /* BitCheckerChat.xcdatamodeld in Sources */,
			);
			runOnlyForDeploymentPostprocessing = 0;
		};
/* End PBXSourcesBuildPhase section */

/* Begin PBXVariantGroup section */
		DA561F142647010C004E8D61 /* Main.storyboard */ = {
			isa = PBXVariantGroup;
			children = (
				DA561F152647010C004E8D61 /* Base */,
			);
			name = Main.storyboard;
			sourceTree = "<group>";
		};
		DA561F1C2647010C004E8D61 /* LaunchScreen.storyboard */ = {
			isa = PBXVariantGroup;
			children = (
				DA561F1D2647010C004E8D61 /* Base */,
			);
			name = LaunchScreen.storyboard;
			sourceTree = "<group>";
		};
/* End PBXVariantGroup section */

/* Begin XCBuildConfiguration section */
		DA561F202647010D004E8D61 /* Debug */ = {
			isa = XCBuildConfiguration;
			buildSettings = {
				ALWAYS_SEARCH_USER_PATHS = NO;
				CLANG_ANALYZER_NONNULL = YES;
				CLANG_ANALYZER_NUMBER_OBJECT_CONVERSION = YES_AGGRESSIVE;
				CLANG_CXX_LANGUAGE_STANDARD = "gnu++14";
				CLANG_CXX_LIBRARY = "libc++";
				CLANG_ENABLE_MODULES = YES;
				CLANG_ENABLE_OBJC_ARC = YES;
				CLANG_ENABLE_OBJC_WEAK = YES;
				CLANG_WARN_BLOCK_CAPTURE_AUTORELEASING = YES;
				CLANG_WARN_BOOL_CONVERSION = YES;
				CLANG_WARN_COMMA = YES;
				CLANG_WARN_CONSTANT_CONVERSION = YES;
				CLANG_WARN_DEPRECATED_OBJC_IMPLEMENTATIONS = YES;
				CLANG_WARN_DIRECT_OBJC_ISA_USAGE = YES_ERROR;
				CLANG_WARN_DOCUMENTATION_COMMENTS = YES;
				CLANG_WARN_EMPTY_BODY = YES;
				CLANG_WARN_ENUM_CONVERSION = YES;
				CLANG_WARN_INFINITE_RECURSION = YES;
				CLANG_WARN_INT_CONVERSION = YES;
				CLANG_WARN_NON_LITERAL_NULL_CONVERSION = YES;
				CLANG_WARN_OBJC_IMPLICIT_RETAIN_SELF = YES;
				CLANG_WARN_OBJC_LITERAL_CONVERSION = YES;
				CLANG_WARN_OBJC_ROOT_CLASS = YES_ERROR;
				CLANG_WARN_QUOTED_INCLUDE_IN_FRAMEWORK_HEADER = YES;
				CLANG_WARN_RANGE_LOOP_ANALYSIS = YES;
				CLANG_WARN_STRICT_PROTOTYPES = YES;
				CLANG_WARN_SUSPICIOUS_MOVE = YES;
				CLANG_WARN_UNGUARDED_AVAILABILITY = YES_AGGRESSIVE;
				CLANG_WARN_UNREACHABLE_CODE = YES;
				CLANG_WARN__DUPLICATE_METHOD_MATCH = YES;
				COPY_PHASE_STRIP = NO;
				DEBUG_INFORMATION_FORMAT = dwarf;
				ENABLE_STRICT_OBJC_MSGSEND = YES;
				ENABLE_TESTABILITY = YES;
				GCC_C_LANGUAGE_STANDARD = gnu11;
				GCC_DYNAMIC_NO_PIC = NO;
				GCC_NO_COMMON_BLOCKS = YES;
				GCC_OPTIMIZATION_LEVEL = 0;
				GCC_PREPROCESSOR_DEFINITIONS = (
					"DEBUG=1",
					"$(inherited)",
				);
				GCC_WARN_64_TO_32_BIT_CONVERSION = YES;
				GCC_WARN_ABOUT_RETURN_TYPE = YES_ERROR;
				GCC_WARN_UNDECLARED_SELECTOR = YES;
				GCC_WARN_UNINITIALIZED_AUTOS = YES_AGGRESSIVE;
				GCC_WARN_UNUSED_FUNCTION = YES;
				GCC_WARN_UNUSED_VARIABLE = YES;
				IPHONEOS_DEPLOYMENT_TARGET = 14.1;
				MTL_ENABLE_DEBUG_INFO = INCLUDE_SOURCE;
				MTL_FAST_MATH = YES;
				ONLY_ACTIVE_ARCH = YES;
				SDKROOT = iphoneos;
				SWIFT_ACTIVE_COMPILATION_CONDITIONS = DEBUG;
				SWIFT_OPTIMIZATION_LEVEL = "-Onone";
			};
			name = Debug;
		};
		DA561F212647010D004E8D61 /* Release */ = {
			isa = XCBuildConfiguration;
			buildSettings = {
				ALWAYS_SEARCH_USER_PATHS = NO;
				CLANG_ANALYZER_NONNULL = YES;
				CLANG_ANALYZER_NUMBER_OBJECT_CONVERSION = YES_AGGRESSIVE;
				CLANG_CXX_LANGUAGE_STANDARD = "gnu++14";
				CLANG_CXX_LIBRARY = "libc++";
				CLANG_ENABLE_MODULES = YES;
				CLANG_ENABLE_OBJC_ARC = YES;
				CLANG_ENABLE_OBJC_WEAK = YES;
				CLANG_WARN_BLOCK_CAPTURE_AUTORELEASING = YES;
				CLANG_WARN_BOOL_CONVERSION = YES;
				CLANG_WARN_COMMA = YES;
				CLANG_WARN_CONSTANT_CONVERSION = YES;
				CLANG_WARN_DEPRECATED_OBJC_IMPLEMENTATIONS = YES;
				CLANG_WARN_DIRECT_OBJC_ISA_USAGE = YES_ERROR;
				CLANG_WARN_DOCUMENTATION_COMMENTS = YES;
				CLANG_WARN_EMPTY_BODY = YES;
				CLANG_WARN_ENUM_CONVERSION = YES;
				CLANG_WARN_INFINITE_RECURSION = YES;
				CLANG_WARN_INT_CONVERSION = YES;
				CLANG_WARN_NON_LITERAL_NULL_CONVERSION = YES;
				CLANG_WARN_OBJC_IMPLICIT_RETAIN_SELF = YES;
				CLANG_WARN_OBJC_LITERAL_CONVERSION = YES;
				CLANG_WARN_OBJC_ROOT_CLASS = YES_ERROR;
				CLANG_WARN_QUOTED_INCLUDE_IN_FRAMEWORK_HEADER = YES;
				CLANG_WARN_RANGE_LOOP_ANALYSIS = YES;
				CLANG_WARN_STRICT_PROTOTYPES = YES;
				CLANG_WARN_SUSPICIOUS_MOVE = YES;
				CLANG_WARN_UNGUARDED_AVAILABILITY = YES_AGGRESSIVE;
				CLANG_WARN_UNREACHABLE_CODE = YES;
				CLANG_WARN__DUPLICATE_METHOD_MATCH = YES;
				COPY_PHASE_STRIP = NO;
				DEBUG_INFORMATION_FORMAT = "dwarf-with-dsym";
				ENABLE_NS_ASSERTIONS = NO;
				ENABLE_STRICT_OBJC_MSGSEND = YES;
				GCC_C_LANGUAGE_STANDARD = gnu11;
				GCC_NO_COMMON_BLOCKS = YES;
				GCC_WARN_64_TO_32_BIT_CONVERSION = YES;
				GCC_WARN_ABOUT_RETURN_TYPE = YES_ERROR;
				GCC_WARN_UNDECLARED_SELECTOR = YES;
				GCC_WARN_UNINITIALIZED_AUTOS = YES_AGGRESSIVE;
				GCC_WARN_UNUSED_FUNCTION = YES;
				GCC_WARN_UNUSED_VARIABLE = YES;
				IPHONEOS_DEPLOYMENT_TARGET = 14.1;
				MTL_ENABLE_DEBUG_INFO = NO;
				MTL_FAST_MATH = YES;
				SDKROOT = iphoneos;
				SWIFT_COMPILATION_MODE = wholemodule;
				SWIFT_OPTIMIZATION_LEVEL = "-O";
				VALIDATE_PRODUCT = YES;
			};
			name = Release;
		};
		DA561F232647010D004E8D61 /* Debug */ = {
			isa = XCBuildConfiguration;
			baseConfigurationReference = 278B662CC29D31E2B8784218 /* Pods-BitCheckerChat.debug.xcconfig */;
			buildSettings = {
				ASSETCATALOG_COMPILER_APPICON_NAME = AppIcon;
				ASSETCATALOG_COMPILER_GLOBAL_ACCENT_COLOR_NAME = AccentColor;
				CODE_SIGN_IDENTITY = "Apple Development";
				CODE_SIGN_STYLE = Automatic;
				DEVELOPMENT_TEAM = HLZY6MSJKT;
				INFOPLIST_FILE = BitCheckerChat/Info.plist;
				LD_RUNPATH_SEARCH_PATHS = (
					"$(inherited)",
					"@executable_path/Frameworks",
				);
				PRODUCT_BUNDLE_IDENTIFIER = com.xezom.BitCheckerChat;
				PRODUCT_NAME = "$(TARGET_NAME)";
				PROVISIONING_PROFILE_SPECIFIER = "";
				SWIFT_VERSION = 5.0;
				TARGETED_DEVICE_FAMILY = "1,2";
			};
			name = Debug;
		};
		DA561F242647010D004E8D61 /* Release */ = {
			isa = XCBuildConfiguration;
			baseConfigurationReference = 6C68426973599F087B7AC13F /* Pods-BitCheckerChat.release.xcconfig */;
			buildSettings = {
				ASSETCATALOG_COMPILER_APPICON_NAME = AppIcon;
				ASSETCATALOG_COMPILER_GLOBAL_ACCENT_COLOR_NAME = AccentColor;
				CODE_SIGN_IDENTITY = "Apple Development";
				CODE_SIGN_STYLE = Automatic;
				DEVELOPMENT_TEAM = HLZY6MSJKT;
				INFOPLIST_FILE = BitCheckerChat/Info.plist;
				LD_RUNPATH_SEARCH_PATHS = (
					"$(inherited)",
					"@executable_path/Frameworks",
				);
				PRODUCT_BUNDLE_IDENTIFIER = com.xezom.BitCheckerChat;
				PRODUCT_NAME = "$(TARGET_NAME)";
				PROVISIONING_PROFILE_SPECIFIER = "";
				SWIFT_VERSION = 5.0;
				TARGETED_DEVICE_FAMILY = "1,2";
			};
			name = Release;
		};
/* End XCBuildConfiguration section */

/* Begin XCConfigurationList section */
		DA561F062647010C004E8D61 /* Build configuration list for PBXProject "BitCheckerChat" */ = {
			isa = XCConfigurationList;
			buildConfigurations = (
				DA561F202647010D004E8D61 /* Debug */,
				DA561F212647010D004E8D61 /* Release */,
			);
			defaultConfigurationIsVisible = 0;
			defaultConfigurationName = Release;
		};
		DA561F222647010D004E8D61 /* Build configuration list for PBXNativeTarget "BitCheckerChat" */ = {
			isa = XCConfigurationList;
			buildConfigurations = (
				DA561F232647010D004E8D61 /* Debug */,
				DA561F242647010D004E8D61 /* Release */,
			);
			defaultConfigurationIsVisible = 0;
			defaultConfigurationName = Release;
		};
/* End XCConfigurationList section */

/* Begin XCVersionGroup section */
		DA561F172647010C004E8D61 /* BitCheckerChat.xcdatamodeld */ = {
			isa = XCVersionGroup;
			children = (
				DA561F182647010C004E8D61 /* BitCheckerChat.xcdatamodel */,
			);
			currentVersion = DA561F182647010C004E8D61 /* BitCheckerChat.xcdatamodel */;
			path = BitCheckerChat.xcdatamodeld;
			sourceTree = "<group>";
			versionGroupType = wrapper.xcdatamodel;
		};
/* End XCVersionGroup section */
	};
	rootObject = DA561F032647010C004E8D61 /* Project object */;
}
